
Microsoft Visual Studio Solution File, Format Version 12.00
# Visual Studio Version 17
VisualStudioVersion = 17.7.34202.233
MinimumVisualStudioVersion = 10.0.40219.1
Project("{FAE04EC0-301F-11D3-BF4B-00C04F79EFBC}") = "AOC2022_P1", "AOC2022_P1.csproj", "{1C6D0413-2E4A-4123-BE8A-B4D6D2BC42D7}"
EndProject
Global
	GlobalSection(SolutionConfigurationPlatforms) = preSolution
		Debug|Any CPU = Debug|Any CPU
		Release|Any CPU = Release|Any CPU
	EndGlobalSection
	GlobalSection(ProjectConfigurationPlatforms) = postSolution
		{1C6D0413-2E4A-4123-BE8A-B4D6D2BC42D7}.Debug|Any CPU.ActiveCfg = Debug|Any CPU
		{1C6D0413-2E4A-4123-BE8A-B4D6D2BC42D7}.Debug|Any CPU.Build.0 = Debug|Any CPU
		{1C6D0413-2E4A-4123-BE8A-B4D6D2BC42D7}.Release|Any CPU.ActiveCfg = Release|Any CPU
		{1C6D0413-2E4A-4123-BE8A-B4D6D2BC42D7}.Release|Any CPU.Build.0 = Release|Any CPU
	EndGlobalSection
	GlobalSection(SolutionProperties) = preSolution
		HideSolutionNode = FALSE
	EndGlobalSection
	GlobalSection(ExtensibilityGlobals) = postSolution
		SolutionGuid = {5714C781-17ED-439E-BC24-18EECCED5445}
	EndGlobalSection
EndGlobal
