
Microsoft Visual Studio Solution File, Format Version 12.00
# Visual Studio Version 17
VisualStudioVersion = 17.7.34202.233
MinimumVisualStudioVersion = 10.0.40219.1
Project("{FAE04EC0-301F-11D3-BF4B-00C04F79EFBC}") = "AOC2022_P2", "AOC2022_P2.csproj", "{5D5D9809-9B2B-4739-9E32-1CC0B880CEF2}"
EndProject
Global
	GlobalSection(SolutionConfigurationPlatforms) = preSolution
		Debug|Any CPU = Debug|Any CPU
		Release|Any CPU = Release|Any CPU
	EndGlobalSection
	GlobalSection(ProjectConfigurationPlatforms) = postSolution
		{5D5D9809-9B2B-4739-9E32-1CC0B880CEF2}.Debug|Any CPU.ActiveCfg = Debug|Any CPU
		{5D5D9809-9B2B-4739-9E32-1CC0B880CEF2}.Debug|Any CPU.Build.0 = Debug|Any CPU
		{5D5D9809-9B2B-4739-9E32-1CC0B880CEF2}.Release|Any CPU.ActiveCfg = Release|Any CPU
		{5D5D9809-9B2B-4739-9E32-1CC0B880CEF2}.Release|Any CPU.Build.0 = Release|Any CPU
	EndGlobalSection
	GlobalSection(SolutionProperties) = preSolution
		HideSolutionNode = FALSE
	EndGlobalSection
	GlobalSection(ExtensibilityGlobals) = postSolution
		SolutionGuid = {3F9F6B82-BD1C-4C96-9044-2E1038B41FAD}
	EndGlobalSection
EndGlobal
